{
  "nodes": {
    "nixpkgs": {
      "locked": {
        "lastModified": 1627942574,
        "narHash": "sha256-guUcGRWvY2mfiVSet2x/zeHIyflm2wgglj0ldg0mMio=",
        "owner": "NixOS",
        "repo": "nixpkgs",
        "rev": "c464dc811babfe316ed4ab7bbc12351122e69dd7",
        "type": "github"
      },
      "original": {
        "id": "nixpkgs",
        "type": "indirect"
      }
    },
    "nixpkgs_2": {
      "locked": {
        "lastModified": 1619628994,
        "narHash": "sha256-fypTpyNuW/sN3llAxvDyTS5uWg9COCmna/mlVTXvqIQ=",
        "owner": "NixOS",
        "repo": "nixpkgs",
        "rev": "afd7f222bf602de2f73479a9becba8761edff4be",
        "type": "github"
      },
      "original": {
        "id": "nixpkgs",
        "type": "indirect"
      }
    },
    "root": {
      "inputs": {
        "nixpkgs": "nixpkgs",
        "utils": "utils",
        "yarn2nix": "yarn2nix"
      }
    },
    "utils": {
      "locked": {
        "lastModified": 1627654666,
        "narHash": "sha256-J+kz3AmVE+e+dHuM6Kazpq8toOYSunjpC7NM7BRmDNI=",
        "owner": "kreisys",
        "repo": "flake-utils",
        "rev": "b9f0f170e3ea95d2c3de73245fe7f35efa5a99c3",
        "type": "github"
      },
      "original": {
        "owner": "kreisys",
        "repo": "flake-utils",
        "type": "github"
      }
    },
    "utils_2": {
      "locked": {
        "lastModified": 1619630495,
        "narHash": "sha256-hbTvtHDY7sYTb8Yj+/eqJFybOhN31edbv5o2xeLwl+g=",
        "owner": "kreisys",
        "repo": "flake-utils",
        "rev": "d9a757ac25f73ba911e41d9195fd515490122996",
        "type": "github"
      },
      "original": {
        "owner": "kreisys",
        "repo": "flake-utils",
        "type": "github"
      }
    },
    "yarn2nix": {
      "inputs": {
        "nixpkgs": "nixpkgs_2",
        "utils": "utils_2"
      },
      "locked": {
        "lastModified": 1619635816,
        "narHash": "sha256-bD1lfAPJkAHJ34SDwSUdZti/2lo0O4dxc6cPfhhHtfk=",
        "owner": "input-output-hk",
        "repo": "yarn2nix",
        "rev": "4228436a3bf18f244f676463d154983586db1ce6",
        "type": "github"
      },
      "original": {
        "owner": "input-output-hk",
        "repo": "yarn2nix",
        "type": "github"
      }
    }
  },
  "root": "root",
  "version": 7
}
